github.com/TheTitanrain/w32 v0.0.0-20180517000239-4f5cfb03fabf h1:FPsprx82rdrX2jiKyS17BH6IrTmUBYqZa/CXT4uvb+I=
github.com/TheTitanrain/w32 v0.0.0-20180517000239-4f5cfb03fabf/go.mod h1:peYoMncQljjNS6tZwI9WVyQB3qZS6u79/N3mBOcnd3I=
github.com/ebitengine/purego v0.6.0-alpha.5 h1:EYID3JOAdmQ4SNZYJHu9V6IqOeRQDBYxqKAg9PyoHFY=
github.com/ebitengine/purego v0.6.0-alpha.5/go.mod h1:ah1In8AOtksoNK6yk5z1HTJeUkC1Ez4Wk2idgGslMwQ=
github.com/gen2brain/raylib-go/raygui v0.0.0-20240125111008-83d871a38f28 h1:/NjTf+yC0yHCiZy0Qk0wNDVjjd6CArDpXz+D9HLwsDg=
github.com/gen2brain/raylib-go/raygui v0.0.0-20240125111008-83d871a38f28/go.mod h1:Ra1zgJP7vnGst+STvzPPiVJhjicklFWONCz5nu6MnOM=
github.com/gen2brain/raylib-go/raylib v0.0.0-20240125111008-83d871a38f28 h1:e0HOaKlvsdC0ZtfWbEaaWAxYTSxUZoCAFS36jLfsVRA=
github.com/gen2brain/raylib-go/raylib v0.0.0-20240125111008-83d871a38f28/go.mod h1:P/hDjVwz/9fhR0ww3+umzDpDA7Bf7Tce4xNChHIEFqE=
github.com/go-ole/go-ole v1.2.4 h1:nNBDSCOigTSiarFpYE9J/KtEA1IOW4CNeqT9TQDqCxI=
github.com/go-ole/go-ole v1.2.4/go.mod h1:XCwSNxSkXRo4vlyPy93sltvi/qJq0jqQhjqQNIwKuxM=
github.com/google/uuid v1.1.1 h1:Gkbcsh/GbpXz7lPftLA3P6TYMwjCLYm83jiFQZF/3gY=
github.com/google/uuid v1.1.1/go.mod h1:TIyPZe4MgqvfeYDBFedMoGGpEw/LqOeaOT+nhxU+yHo=
github.com/harry1453/go-common-file-dialog v1.2.0 h1:nGr9ZIpXrKb7IUY9Or6jqt4nuPEd/I+5sH1JPMsKhaM=
github.com/harry1453/go-common-file-dialog v1.2.0/go.mod h1:3zwmbo7fy+uYGyaec74mu+Z9DPg0aEt10fSjjPwfyiY=
github.com/sqweek/dialog v0.0.0-20240226140203-065105509627 h1:2JL2wmHXWIAxDofCK+AdkFi1KEg3dgkefCsm7isADzQ=
github.com/sqweek/dialog v0.0.0-20240226140203-065105509627/go.mod h1:/qNPSY91qTz/8TgHEMioAUc6q7+3SOybeKczHMXFcXw=
golang.org/x/sys v0.16.0 h1:xWw16ngr6ZMtmxDyKyIgsE93KNKz5HKmMa3b8ALHidU=
golang.org/x/sys v0.16.0/go.mod h1:/VUhepiaJMQUp4+oa/7Zr1D23ma6VTLIYjOOTFZPUcA=
